PODS:
  - EDColor (0.4.0)
  - Expecta (0.3.2)
  - Expecta+Snapshots (1.3.1):
    - Expecta
    - FBSnapshotTestCase
  - FBSnapshotTestCase (1.5)
  - OCMock (2.2.4)
  - Specta (0.3.2)
  - venmo-ios-colors (0.2.0):
    - EDColor (~> 0.4.0)

DEPENDENCIES:
  - Expecta (~> 0.3)
  - Expecta+Snapshots (~> 1.3)
  - OCMock (~> 2.2.2)
  - Specta (~> 0.3)
  - venmo-ios-colors (from `.`)

EXTERNAL SOURCES:
  venmo-ios-colors:
    :path: .

SPEC CHECKSUMS:
  EDColor: bcdb8600b7a456f4408ce1d7e7fc001588919254
  Expecta: ee641011fe10aa1855d487b40e4976dac50ec342
  Expecta+Snapshots: 4a56b9411c6ed156987072e52c39de67d864015a
  FBSnapshotTestCase: e2914fbaabccea1dcc773d6a16b1c24540642488
  OCMock: 6db79185520e24f9f299548f2b8b07e41d881bd5
  Specta: 698a58ffa5ec948327d3b92eab50ca58d7f4fbe8
  venmo-ios-colors: 0744dc9da9e7babcca952e199630a98f31ea84f3

COCOAPODS: 0.35.0
