// !$*UTF8*$!
{
	archiveVersion = 1;
	classes = {
	};
	objectVersion = 46;
	objects = {

/* Begin PBXBuildFile section */
		612077711A93EF3300139BBF /* VENColorTableViewCell.m in Sources */ = {isa = PBXBuildFile; fileRef = 6120776F1A93EF3300139BBF /* VENColorTableViewCell.m */; };
		612077721A93EF3300139BBF /* VENColorTableViewCell.xib in Resources */ = {isa = PBXBuildFile; fileRef = 612077701A93EF3300139BBF /* VENColorTableViewCell.xib */; };
		612077751A93EF3A00139BBF /* VENColorsTableViewController.m in Sources */ = {isa = PBXBuildFile; fileRef = 612077741A93EF3A00139BBF /* VENColorsTableViewController.m */; };
		6120777B1A93EF4900139BBF /* main.m in Sources */ = {isa = PBXBuildFile; fileRef = 612077771A93EF4900139BBF /* main.m */; };
		6120777C1A93EF4900139BBF /* VENAppDelegate.m in Sources */ = {isa = PBXBuildFile; fileRef = 612077791A93EF4900139BBF /* VENAppDelegate.m */; };
		6120777F1A93EF5000139BBF /* LaunchScreen.xib in Resources */ = {isa = PBXBuildFile; fileRef = 6120777D1A93EF5000139BBF /* LaunchScreen.xib */; };
		BB941F6620E903A6A8B7D548 /* libPods-VenmoColorsSample.a in Frameworks */ = {isa = PBXBuildFile; fileRef = 860D4AC43F77EEA411BC705A /* libPods-VenmoColorsSample.a */; };
/* End PBXBuildFile section */

/* Begin PBXFileReference section */
		612077431A93ECC500139BBF /* VenmoColorsSample.app */ = {isa = PBXFileReference; explicitFileType = wrapper.application; includeInIndex = 0; path = VenmoColorsSample.app; sourceTree = BUILT_PRODUCTS_DIR; };
		6120776E1A93EF3300139BBF /* VENColorTableViewCell.h */ = {isa = PBXFileReference; fileEncoding = 4; lastKnownFileType = sourcecode.c.h; name = VENColorTableViewCell.h; path = Views/VENColorTableViewCell.h; sourceTree = "<group>"; };
		6120776F1A93EF3300139BBF /* VENColorTableViewCell.m */ = {isa = PBXFileReference; fileEncoding = 4; lastKnownFileType = sourcecode.c.objc; name = VENColorTableViewCell.m; path = Views/VENColorTableViewCell.m; sourceTree = "<group>"; };
		612077701A93EF3300139BBF /* VENColorTableViewCell.xib */ = {isa = PBXFileReference; fileEncoding = 4; lastKnownFileType = file.xib; name = VENColorTableViewCell.xib; path = Views/VENColorTableViewCell.xib; sourceTree = "<group>"; };
		612077731A93EF3A00139BBF /* VENColorsTableViewController.h */ = {isa = PBXFileReference; fileEncoding = 4; lastKnownFileType = sourcecode.c.h; name = VENColorsTableViewController.h; path = Controllers/VENColorsTableViewController.h; sourceTree = "<group>"; };
		612077741A93EF3A00139BBF /* VENColorsTableViewController.m */ = {isa = PBXFileReference; fileEncoding = 4; lastKnownFileType = sourcecode.c.objc; name = VENColorsTableViewController.m; path = Controllers/VENColorsTableViewController.m; sourceTree = "<group>"; };
		612077761A93EF4900139BBF /* Info.plist */ = {isa = PBXFileReference; fileEncoding = 4; lastKnownFileType = text.plist.xml; name = Info.plist; path = SupportingFiles/Info.plist; sourceTree = "<group>"; };
		612077771A93EF4900139BBF /* main.m */ = {isa = PBXFileReference; fileEncoding = 4; lastKnownFileType = sourcecode.c.objc; name = main.m; path = SupportingFiles/main.m; sourceTree = "<group>"; };
		612077781A93EF4900139BBF /* VENAppDelegate.h */ = {isa = PBXFileReference; fileEncoding = 4; lastKnownFileType = sourcecode.c.h; name = VENAppDelegate.h; path = SupportingFiles/VENAppDelegate.h; sourceTree = "<group>"; };
		612077791A93EF4900139BBF /* VENAppDelegate.m */ = {isa = PBXFileReference; fileEncoding = 4; lastKnownFileType = sourcecode.c.objc; name = VENAppDelegate.m; path = SupportingFiles/VENAppDelegate.m; sourceTree = "<group>"; };
		6120777E1A93EF5000139BBF /* Base */ = {isa = PBXFileReference; lastKnownFileType = file.xib; name = Base; path = SupportingFiles/Base.lproj/LaunchScreen.xib; sourceTree = "<group>"; };
		860D4AC43F77EEA411BC705A /* libPods-VenmoColorsSample.a */ = {isa = PBXFileReference; explicitFileType = archive.ar; includeInIndex = 0; path = "libPods-VenmoColorsSample.a"; sourceTree = BUILT_PRODUCTS_DIR; };
		B30C6BAA85BC22985D8C8090 /* Pods-VenmoColorsSample.debug.xcconfig */ = {isa = PBXFileReference; includeInIndex = 1; lastKnownFileType = text.xcconfig; name = "Pods-VenmoColorsSample.debug.xcconfig"; path = "Pods/Target Support Files/Pods-VenmoColorsSample/Pods-VenmoColorsSample.debug.xcconfig"; sourceTree = "<group>"; };
		E851894EEEBEF06492624CB0 /* Pods-VenmoColorsSample.release.xcconfig */ = {isa = PBXFileReference; includeInIndex = 1; lastKnownFileType = text.xcconfig; name = "Pods-VenmoColorsSample.release.xcconfig"; path = "Pods/Target Support Files/Pods-VenmoColorsSample/Pods-VenmoColorsSample.release.xcconfig"; sourceTree = "<group>"; };
/* End PBXFileReference section */

/* Begin PBXFrameworksBuildPhase section */
		612077401A93ECC500139BBF /* Frameworks */ = {
			isa = PBXFrameworksBuildPhase;
			buildActionMask = 2147483647;
			files = (
				BB941F6620E903A6A8B7D548 /* libPods-VenmoColorsSample.a in Frameworks */,
			);
			runOnlyForDeploymentPostprocessing = 0;
		};
/* End PBXFrameworksBuildPhase section */

/* Begin PBXGroup section */
		229642138645F4767BD7770C /* Frameworks */ = {
			isa = PBXGroup;
			children = (
				860D4AC43F77EEA411BC705A /* libPods-VenmoColorsSample.a */,
			);
			name = Frameworks;
			sourceTree = "<group>";
		};
		6120773A1A93ECC500139BBF = {
			isa = PBXGroup;
			children = (
				612077451A93ECC500139BBF /* VenmoColorsSample */,
				612077441A93ECC500139BBF /* Products */,
				7EEEFB986B7B3A833DCD9A85 /* Pods */,
				229642138645F4767BD7770C /* Frameworks */,
			);
			sourceTree = "<group>";
		};
		612077441A93ECC500139BBF /* Products */ = {
			isa = PBXGroup;
			children = (
				612077431A93ECC500139BBF /* VenmoColorsSample.app */,
			);
			name = Products;
			sourceTree = "<group>";
		};
		612077451A93ECC500139BBF /* VenmoColorsSample */ = {
			isa = PBXGroup;
			children = (
				6120776D1A93EF1C00139BBF /* Views */,
				6120776C1A93EF1900139BBF /* Controllers */,
				612077461A93ECC500139BBF /* SupportingFiles */,
			);
			path = VenmoColorsSample;
			sourceTree = "<group>";
		};
		612077461A93ECC500139BBF /* SupportingFiles */ = {
			isa = PBXGroup;
			children = (
				612077781A93EF4900139BBF /* VENAppDelegate.h */,
				612077791A93EF4900139BBF /* VENAppDelegate.m */,
				6120777D1A93EF5000139BBF /* LaunchScreen.xib */,
				612077761A93EF4900139BBF /* Info.plist */,
				612077771A93EF4900139BBF /* main.m */,
			);
			name = SupportingFiles;
			sourceTree = "<group>";
		};
		6120776C1A93EF1900139BBF /* Controllers */ = {
			isa = PBXGroup;
			children = (
				612077731A93EF3A00139BBF /* VENColorsTableViewController.h */,
				612077741A93EF3A00139BBF /* VENColorsTableViewController.m */,
			);
			name = Controllers;
			sourceTree = "<group>";
		};
		6120776D1A93EF1C00139BBF /* Views */ = {
			isa = PBXGroup;
			children = (
				6120776E1A93EF3300139BBF /* VENColorTableViewCell.h */,
				6120776F1A93EF3300139BBF /* VENColorTableViewCell.m */,
				612077701A93EF3300139BBF /* VENColorTableViewCell.xib */,
			);
			name = Views;
			sourceTree = "<group>";
		};
		7EEEFB986B7B3A833DCD9A85 /* Pods */ = {
			isa = PBXGroup;
			children = (
				B30C6BAA85BC22985D8C8090 /* Pods-VenmoColorsSample.debug.xcconfig */,
				E851894EEEBEF06492624CB0 /* Pods-VenmoColorsSample.release.xcconfig */,
			);
			name = Pods;
			sourceTree = "<group>";
		};
/* End PBXGroup section */

/* Begin PBXNativeTarget section */
		612077421A93ECC500139BBF /* VenmoColorsSample */ = {
			isa = PBXNativeTarget;
			buildConfigurationList = 612077661A93ECC500139BBF /* Build configuration list for PBXNativeTarget "VenmoColorsSample" */;
			buildPhases = (
				2840E4E348B70D73C7FE18D9 /* Check Pods Manifest.lock */,
				6120773F1A93ECC500139BBF /* Sources */,
				612077401A93ECC500139BBF /* Frameworks */,
				612077411A93ECC500139BBF /* Resources */,
				8B204489D5AEB1E07632CA38 /* Copy Pods Resources */,
			);
			buildRules = (
			);
			dependencies = (
			);
			name = VenmoColorsSample;
			productName = VenmoColorsSample;
			productReference = 612077431A93ECC500139BBF /* VenmoColorsSample.app */;
			productType = "com.apple.product-type.application";
		};
/* End PBXNativeTarget section */

/* Begin PBXProject section */
		6120773B1A93ECC500139BBF /* Project object */ = {
			isa = PBXProject;
			attributes = {
				LastUpgradeCheck = 0610;
				ORGANIZATIONNAME = "Venmo Inc.";
				TargetAttributes = {
					612077421A93ECC500139BBF = {
						CreatedOnToolsVersion = 6.1.1;
					};
				};
			};
			buildConfigurationList = 6120773E1A93ECC500139BBF /* Build configuration list for PBXProject "VenmoColorsSample" */;
			compatibilityVersion = "Xcode 3.2";
			developmentRegion = English;
			hasScannedForEncodings = 0;
			knownRegions = (
				en,
				Base,
			);
			mainGroup = 6120773A1A93ECC500139BBF;
			productRefGroup = 612077441A93ECC500139BBF /* Products */;
			projectDirPath = "";
			projectRoot = "";
			targets = (
				612077421A93ECC500139BBF /* VenmoColorsSample */,
			);
		};
/* End PBXProject section */

/* Begin PBXResourcesBuildPhase section */
		612077411A93ECC500139BBF /* Resources */ = {
			isa = PBXResourcesBuildPhase;
			buildActionMask = 2147483647;
			files = (
				6120777F1A93EF5000139BBF /* LaunchScreen.xib in Resources */,
				612077721A93EF3300139BBF /* VENColorTableViewCell.xib in Resources */,
			);
			runOnlyForDeploymentPostprocessing = 0;
		};
/* End PBXResourcesBuildPhase section */

/* Begin PBXShellScriptBuildPhase section */
		2840E4E348B70D73C7FE18D9 /* Check Pods Manifest.lock */ = {
			isa = PBXShellScriptBuildPhase;
			buildActionMask = 2147483647;
			files = (
			);
			inputPaths = (
			);
			name = "Check Pods Manifest.lock";
			outputPaths = (
			);
			runOnlyForDeploymentPostprocessing = 0;
			shellPath = /bin/sh;
			shellScript = "diff \"${PODS_ROOT}/../Podfile.lock\" \"${PODS_ROOT}/Manifest.lock\" > /dev/null\nif [[ $? != 0 ]] ; then\n    cat << EOM\nerror: The sandbox is not in sync with the Podfile.lock. Run 'pod install' or update your CocoaPods installation.\nEOM\n    exit 1\nfi\n";
			showEnvVarsInLog = 0;
		};
		8B204489D5AEB1E07632CA38 /* Copy Pods Resources */ = {
			isa = PBXShellScriptBuildPhase;
			buildActionMask = 2147483647;
			files = (
			);
			inputPaths = (
			);
			name = "Copy Pods Resources";
			outputPaths = (
			);
			runOnlyForDeploymentPostprocessing = 0;
			shellPath = /bin/sh;
			shellScript = "\"${SRCROOT}/Pods/Target Support Files/Pods-VenmoColorsSample/Pods-VenmoColorsSample-resources.sh\"\n";
			showEnvVarsInLog = 0;
		};
/* End PBXShellScriptBuildPhase section */

/* Begin PBXSourcesBuildPhase section */
		6120773F1A93ECC500139BBF /* Sources */ = {
			isa = PBXSourcesBuildPhase;
			buildActionMask = 2147483647;
			files = (
				6120777C1A93EF4900139BBF /* VENAppDelegate.m in Sources */,
				612077711A93EF3300139BBF /* VENColorTableViewCell.m in Sources */,
				6120777B1A93EF4900139BBF /* main.m in Sources */,
				612077751A93EF3A00139BBF /* VENColorsTableViewController.m in Sources */,
			);
			runOnlyForDeploymentPostprocessing = 0;
		};
/* End PBXSourcesBuildPhase section */

/* Begin PBXVariantGroup section */
		6120777D1A93EF5000139BBF /* LaunchScreen.xib */ = {
			isa = PBXVariantGroup;
			children = (
				6120777E1A93EF5000139BBF /* Base */,
			);
			name = LaunchScreen.xib;
			sourceTree = "<group>";
		};
/* End PBXVariantGroup section */

/* Begin XCBuildConfiguration section */
		612077641A93ECC500139BBF /* Debug */ = {
			isa = XCBuildConfiguration;
			buildSettings = {
				ALWAYS_SEARCH_USER_PATHS = NO;
				CLANG_CXX_LANGUAGE_STANDARD = "gnu++0x";
				CLANG_CXX_LIBRARY = "libc++";
				CLANG_ENABLE_MODULES = YES;
				CLANG_ENABLE_OBJC_ARC = YES;
				CLANG_WARN_BOOL_CONVERSION = YES;
				CLANG_WARN_CONSTANT_CONVERSION = YES;
				CLANG_WARN_DIRECT_OBJC_ISA_USAGE = YES_ERROR;
				CLANG_WARN_EMPTY_BODY = YES;
				CLANG_WARN_ENUM_CONVERSION = YES;
				CLANG_WARN_INT_CONVERSION = YES;
				CLANG_WARN_OBJC_ROOT_CLASS = YES_ERROR;
				CLANG_WARN_UNREACHABLE_CODE = YES;
				CLANG_WARN__DUPLICATE_METHOD_MATCH = YES;
				"CODE_SIGN_IDENTITY[sdk=iphoneos*]" = "iPhone Developer";
				COPY_PHASE_STRIP = NO;
				ENABLE_STRICT_OBJC_MSGSEND = YES;
				GCC_C_LANGUAGE_STANDARD = gnu99;
				GCC_DYNAMIC_NO_PIC = NO;
				GCC_OPTIMIZATION_LEVEL = 0;
				GCC_PREPROCESSOR_DEFINITIONS = (
					"DEBUG=1",
					"$(inherited)",
				);
				GCC_SYMBOLS_PRIVATE_EXTERN = NO;
				GCC_WARN_64_TO_32_BIT_CONVERSION = YES;
				GCC_WARN_ABOUT_RETURN_TYPE = YES_ERROR;
				GCC_WARN_UNDECLARED_SELECTOR = YES;
				GCC_WARN_UNINITIALIZED_AUTOS = YES_AGGRESSIVE;
				GCC_WARN_UNUSED_FUNCTION = YES;
				GCC_WARN_UNUSED_VARIABLE = YES;
				IPHONEOS_DEPLOYMENT_TARGET = 8.1;
				MTL_ENABLE_DEBUG_INFO = YES;
				ONLY_ACTIVE_ARCH = YES;
				SDKROOT = iphoneos;
				TARGETED_DEVICE_FAMILY = "1,2";
			};
			name = Debug;
		};
		612077651A93ECC500139BBF /* Release */ = {
			isa = XCBuildConfiguration;
			buildSettings = {
				ALWAYS_SEARCH_USER_PATHS = NO;
				CLANG_CXX_LANGUAGE_STANDARD = "gnu++0x";
				CLANG_CXX_LIBRARY = "libc++";
				CLANG_ENABLE_MODULES = YES;
				CLANG_ENABLE_OBJC_ARC = YES;
				CLANG_WARN_BOOL_CONVERSION = YES;
				CLANG_WARN_CONSTANT_CONVERSION = YES;
				CLANG_WARN_DIRECT_OBJC_ISA_USAGE = YES_ERROR;
				CLANG_WARN_EMPTY_BODY = YES;
				CLANG_WARN_ENUM_CONVERSION = YES;
				CLANG_WARN_INT_CONVERSION = YES;
				CLANG_WARN_OBJC_ROOT_CLASS = YES_ERROR;
				CLANG_WARN_UNREACHABLE_CODE = YES;
				CLANG_WARN__DUPLICATE_METHOD_MATCH = YES;
				"CODE_SIGN_IDENTITY[sdk=iphoneos*]" = "iPhone Developer";
				COPY_PHASE_STRIP = YES;
				ENABLE_NS_ASSERTIONS = NO;
				ENABLE_STRICT_OBJC_MSGSEND = YES;
				GCC_C_LANGUAGE_STANDARD = gnu99;
				GCC_WARN_64_TO_32_BIT_CONVERSION = YES;
				GCC_WARN_ABOUT_RETURN_TYPE = YES_ERROR;
				GCC_WARN_UNDECLARED_SELECTOR = YES;
				GCC_WARN_UNINITIALIZED_AUTOS = YES_AGGRESSIVE;
				GCC_WARN_UNUSED_FUNCTION = YES;
				GCC_WARN_UNUSED_VARIABLE = YES;
				IPHONEOS_DEPLOYMENT_TARGET = 8.1;
				MTL_ENABLE_DEBUG_INFO = NO;
				SDKROOT = iphoneos;
				TARGETED_DEVICE_FAMILY = "1,2";
				VALIDATE_PRODUCT = YES;
			};
			name = Release;
		};
		612077671A93ECC500139BBF /* Debug */ = {
			isa = XCBuildConfiguration;
			baseConfigurationReference = B30C6BAA85BC22985D8C8090 /* Pods-VenmoColorsSample.debug.xcconfig */;
			buildSettings = {
				ASSETCATALOG_COMPILER_APPICON_NAME = AppIcon;
				INFOPLIST_FILE = VenmoColorsSample/SupportingFiles/Info.plist;
				LD_RUNPATH_SEARCH_PATHS = "$(inherited) @executable_path/Frameworks";
				PRODUCT_NAME = "$(TARGET_NAME)";
				WARNING_CFLAGS = "-Wno-arc-performSelector-leaks";
			};
			name = Debug;
		};
		612077681A93ECC500139BBF /* Release */ = {
			isa = XCBuildConfiguration;
			baseConfigurationReference = E851894EEEBEF06492624CB0 /* Pods-VenmoColorsSample.release.xcconfig */;
			buildSettings = {
				ASSETCATALOG_COMPILER_APPICON_NAME = AppIcon;
				INFOPLIST_FILE = VenmoColorsSample/SupportingFiles/Info.plist;
				LD_RUNPATH_SEARCH_PATHS = "$(inherited) @executable_path/Frameworks";
				PRODUCT_NAME = "$(TARGET_NAME)";
				WARNING_CFLAGS = "-Wno-arc-performSelector-leaks";
			};
			name = Release;
		};
/* End XCBuildConfiguration section */

/* Begin XCConfigurationList section */
		6120773E1A93ECC500139BBF /* Build configuration list for PBXProject "VenmoColorsSample" */ = {
			isa = XCConfigurationList;
			buildConfigurations = (
				612077641A93ECC500139BBF /* Debug */,
				612077651A93ECC500139BBF /* Release */,
			);
			defaultConfigurationIsVisible = 0;
			defaultConfigurationName = Release;
		};
		612077661A93ECC500139BBF /* Build configuration list for PBXNativeTarget "VenmoColorsSample" */ = {
			isa = XCConfigurationList;
			buildConfigurations = (
				612077671A93ECC500139BBF /* Debug */,
				612077681A93ECC500139BBF /* Release */,
			);
			defaultConfigurationIsVisible = 0;
			defaultConfigurationName = Release;
		};
/* End XCConfigurationList section */
	};
	rootObject = 6120773B1A93ECC500139BBF /* Project object */;
}
